# THIS IS AN AUTOGENERATED FILE. DO NOT EDIT THIS FILE DIRECTLY.
# yarn lockfile v1


"@angular/common@^2.4.3":
  version "2.4.3"
  resolved "https://registry.yarnpkg.com/@angular/common/-/common-2.4.3.tgz#78d96bd2f8a1a105f635cd25e362ba5704b47f56"

"@angular/common@~2.3.1":
  version "2.3.1"
  resolved "https://registry.yarnpkg.com/@angular/common/-/common-2.3.1.tgz#146c2ed44e02b0f291dd9d4b2e5e2a693057e9bc"

"@angular/compiler@^2.4.3":
  version "2.4.3"
  resolved "https://registry.yarnpkg.com/@angular/compiler/-/compiler-2.4.3.tgz#76a41916f90eda66643107740c4a9ae45cb7a6c1"

"@angular/compiler@~2.3.1":
  version "2.3.1"
  resolved "https://registry.yarnpkg.com/@angular/compiler/-/compiler-2.3.1.tgz#0c57f848e41432bac3201c29b645dd4dd099d2f9"

"@angular/core@^2.4.3":
  version "2.4.3"
  resolved "https://registry.yarnpkg.com/@angular/core/-/core-2.4.3.tgz#a72a13bb9f01659b8388558cd6e3a570a8434b1c"

"@angular/core@~2.3.1":
  version "2.3.1"
  resolved "https://registry.yarnpkg.com/@angular/core/-/core-2.3.1.tgz#be6e91fdfdd7498506604263e051797cf67a47be"

"@angular/forms@^2.4.3":
  version "2.4.3"
  resolved "https://registry.yarnpkg.com/@angular/forms/-/forms-2.4.3.tgz#0b4f59b8074e3d0fe987781e0f2af1ca1eec212b"

"@angular/forms@~2.3.1":
  version "2.3.1"
  resolved "https://registry.yarnpkg.com/@angular/forms/-/forms-2.3.1.tgz#2177e0513c5177fc6e4d140473e7b9f0b9dfd069"

"@angular/http@^2.4.3":
  version "2.4.3"
  resolved "https://registry.yarnpkg.com/@angular/http/-/http-2.4.3.tgz#d8afca7362efb010600fde02360e01e848579be6"

"@angular/http@~2.3.1":
  version "2.3.1"
  resolved "https://registry.yarnpkg.com/@angular/http/-/http-2.3.1.tgz#3dda85771dccea49d5e08a47366a7168e3435141"

"@angular/platform-browser-dynamic@^2.4.3":
  version "2.4.3"
  resolved "https://registry.yarnpkg.com/@angular/platform-browser-dynamic/-/platform-browser-dynamic-2.4.3.tgz#d65cc9bc4487e2a86e2c6f6641c711fccfa90c5a"

"@angular/platform-browser-dynamic@~2.3.1":
  version "2.3.1"
  resolved "https://registry.yarnpkg.com/@angular/platform-browser-dynamic/-/platform-browser-dynamic-2.3.1.tgz#d01f3c0c25c628be83c308e83d53128222f558fa"

"@angular/platform-browser@^2.4.3":
  version "2.4.3"
  resolved "https://registry.yarnpkg.com/@angular/platform-browser/-/platform-browser-2.4.3.tgz#eba8588d2fffc39d0b85a9180c297d9ca2f1f3a4"

"@angular/platform-browser@~2.3.1":
  version "2.3.1"
  resolved "https://registry.yarnpkg.com/@angular/platform-browser/-/platform-browser-2.3.1.tgz#114309150876188e0df8841b20ca2359fd5e7cad"

"@angular/router@^3.4.3":
  version "3.4.3"
  resolved "https://registry.yarnpkg.com/@angular/router/-/router-3.4.3.tgz#19846caa1f87d9b83f005f45a2be15b6744db8fd"

"@angular/router@~3.3.1":
  version "3.3.1"
  resolved "https://registry.yarnpkg.com/@angular/router/-/router-3.3.1.tgz#7bae01d165232f5bb5b8ec01e22943e44eb4af88"

"@angular/upgrade@^2.4.3":
  version "2.4.3"
  resolved "https://registry.yarnpkg.com/@angular/upgrade/-/upgrade-2.4.3.tgz#6c172e2ee287be49939ea64d4fcfe44265d8f0c2"

"@types/angular-material@^1.1.43":
  version "1.1.43"
  resolved "https://registry.yarnpkg.com/@types/angular-material/-/angular-material-1.1.43.tgz#01618dbd9e588813a7f4a1044ac048f6284570c7"
  dependencies:
    "@types/angular" "*"

"@types/angular@*", "@types/angular@^1.6.0":
  version "1.6.0"
  resolved "https://registry.yarnpkg.com/@types/angular/-/angular-1.6.0.tgz#992513ec558e9f217d53502c7624f0b57dca7058"
  dependencies:
    "@types/jquery" "*"

"@types/braintree-web@^3.6.0":
  version "3.6.0"
  resolved "https://registry.yarnpkg.com/@types/braintree-web/-/braintree-web-3.6.0.tgz#e4254bfad7d62c430690ff8fa732376bff647318"

"@types/clipboard-js@^0.3.2":
  version "0.3.2"
  resolved "https://registry.yarnpkg.com/@types/clipboard-js/-/clipboard-js-0.3.2.tgz#84e5bd2277802ff5bfe96446cc753e63efeee286"

"@types/dompurify@^0.0.29":
  version "0.0.29"
  resolved "https://registry.yarnpkg.com/@types/dompurify/-/dompurify-0.0.29.tgz#3a774b80a709848e560fbf9ea62d5f716e79b6f2"

"@types/file-saver@^0.0.0":
  version "0.0.0"
  resolved "https://registry.yarnpkg.com/@types/file-saver/-/file-saver-0.0.0.tgz#1d954502619862d4354444d43385fb8a8fa4478a"

"@types/jquery@*", "@types/jquery@^2.0.39":
  version "2.0.39"
  resolved "https://registry.yarnpkg.com/@types/jquery/-/jquery-2.0.39.tgz#917fe65300dbc6ccbdfa7e2ee51159fbd29d7689"

"@types/markdown-it@^0.0.2":
  version "0.0.2"
  resolved "https://registry.yarnpkg.com/@types/markdown-it/-/markdown-it-0.0.2.tgz#5d9ad19e6e6508cdd2f2596df86fd0aade598660"

"@types/whatwg-fetch@^0.0.33":
  version "0.0.33"
  resolved "https://registry.yarnpkg.com/@types/whatwg-fetch/-/whatwg-fetch-0.0.33.tgz#19c0d2863c8cb2380f21a1c736b79cbf7895bb13"
  dependencies:
    "@types/whatwg-streams" "*"

"@types/whatwg-streams@*", "@types/whatwg-streams@^0.0.2":
  version "0.0.2"
  resolved "https://registry.yarnpkg.com/@types/whatwg-streams/-/whatwg-streams-0.0.2.tgz#58eb11cf9ab33a2b55878d568ad7e9b933e67f7d"

Base64@^1.0.0:
  version "1.0.0"
  resolved "https://registry.yarnpkg.com/Base64/-/Base64-1.0.0.tgz#b6b73ee342ce64bf66d6003a4536683bf8a349b5"

adm-zip@^0.4.7:
  version "0.4.7"
  resolved "https://registry.yarnpkg.com/adm-zip/-/adm-zip-0.4.7.tgz#8606c2cbf1c426ce8c8ec00174447fd49b6eafc1"

after@0.8.1:
  version "0.8.1"
  resolved "https://registry.yarnpkg.com/after/-/after-0.8.1.tgz#ab5d4fb883f596816d3515f8f791c0af486dd627"

amdefine@>=0.0.4:
  version "1.0.1"
  resolved "https://registry.yarnpkg.com/amdefine/-/amdefine-1.0.1.tgz#4a5282ac164729e93619bcfd3ad151f817ce91f5"

angular-animate@~1.5:
  version "1.5.10"
  resolved "https://registry.yarnpkg.com/angular-animate/-/angular-animate-1.5.10.tgz#7bfd4fb035ace40f9c5a22dbbd3e174ee5fa0032"

angular-aria@~1.5:
  version "1.5.10"
  resolved "https://registry.yarnpkg.com/angular-aria/-/angular-aria-1.5.10.tgz#e182244a6c33400cafd9e45a518b797fa660c23a"

"angular-material@https://github.com/angular/bower-material":
  version "1.1.1-master-f8fd076"
  resolved "https://github.com/angular/bower-material#d193b63e6e6734e32f7c89e234c8100237b867c6"

angular@~1.5:
  version "1.5.10"
  resolved "https://registry.yarnpkg.com/angular/-/angular-1.5.10.tgz#e87fd35b2ed2fea3723de958e9ccf0a4b9125ef0"

animate.css@^3.5.2, animate.css@latest:
  version "3.5.2"
  resolved "https://registry.yarnpkg.com/animate.css/-/animate.css-3.5.2.tgz#91e668dc069a808e5e499514867b97aae0166c36"

argparse@^1.0.7:
  version "1.0.9"
  resolved "https://registry.yarnpkg.com/argparse/-/argparse-1.0.9.tgz#73d83bc263f86e97f8cc4f6bae1b0e90a7d22c86"
  dependencies:
    sprintf-js "~1.0.2"

arraybuffer.slice@0.0.6:
  version "0.0.6"
  resolved "https://registry.yarnpkg.com/arraybuffer.slice/-/arraybuffer.slice-0.0.6.tgz#f33b2159f0532a3f3107a272c0ccfbd1ad2979ca"

asn1.js@1.0.3:
  version "1.0.3"
  resolved "https://registry.yarnpkg.com/asn1.js/-/asn1.js-1.0.3.tgz#281ba3ec1f2448fe765f92a4eecf883fe1364b54"
  dependencies:
    inherits "^2.0.1"
    minimalistic-assert "^1.0.0"
  optionalDependencies:
    bn.js "^1.0.0"

async@^0.9.0:
  version "0.9.2"
  resolved "https://registry.yarnpkg.com/async/-/async-0.9.2.tgz#aea74d5e61c1f899613bf64bda66d4c78f2fd17d"

atob@~1.1.0:
  version "1.1.3"
  resolved "https://registry.yarnpkg.com/atob/-/atob-1.1.3.tgz#95f13629b12c3a51a5d215abdce2aa9f32f80773"

attachmediastream@^1.4.1:
  version "1.4.2"
  resolved "https://registry.yarnpkg.com/attachmediastream/-/attachmediastream-1.4.2.tgz#b77564c733489610a6eb4d9096f098818e437d1e"
  dependencies:
    webrtc-adapter "^2.0.0"

babel-polyfill@^6.20.0:
  version "6.20.0"
  resolved "https://registry.yarnpkg.com/babel-polyfill/-/babel-polyfill-6.20.0.tgz#de4a371006139e20990aac0be367d398331204e7"
  dependencies:
    babel-runtime "^6.20.0"
    core-js "^2.4.0"
    regenerator-runtime "^0.10.0"

babel-runtime@^6.20.0:
  version "6.20.0"
  resolved "https://registry.yarnpkg.com/babel-runtime/-/babel-runtime-6.20.0.tgz#87300bdcf4cd770f09bf0048c64204e17806d16f"
  dependencies:
    core-js "^2.4.0"
    regenerator-runtime "^0.10.0"

backo2@1.0.2:
  version "1.0.2"
  resolved "https://registry.yarnpkg.com/backo2/-/backo2-1.0.2.tgz#31ab1ac8b129363463e35b3ebb69f4dfcfba7947"

balanced-match@^0.4.1:
  version "0.4.2"
  resolved "https://registry.yarnpkg.com/balanced-match/-/balanced-match-0.4.2.tgz#cb3f3e3c732dc0f01ee70b403f302e61d7709838"

base64-arraybuffer@0.1.2:
  version "0.1.2"
  resolved "https://registry.yarnpkg.com/base64-arraybuffer/-/base64-arraybuffer-0.1.2.tgz#474df4a9f2da24e05df3158c3b1db3c3cd46a154"

base64url@2.0.0, base64url@^2.0.0:
  version "2.0.0"
  resolved "https://registry.yarnpkg.com/base64url/-/base64url-2.0.0.tgz#eac16e03ea1438eff9423d69baa36262ed1f70bb"

benchmark@1.0.0:
  version "1.0.0"
  resolved "https://registry.yarnpkg.com/benchmark/-/benchmark-1.0.0.tgz#2f1e2fa4c359f11122aa183082218e957e390c73"

better-assert@~1.0.0:
  version "1.0.2"
  resolved "https://registry.yarnpkg.com/better-assert/-/better-assert-1.0.2.tgz#40866b9e1b9e0b55b481894311e68faffaebc522"
  dependencies:
    callsite "1.0.0"

bindings@1.2.x, bindings@~1.2.1:
  version "1.2.1"
  resolved "https://registry.yarnpkg.com/bindings/-/bindings-1.2.1.tgz#14ad6113812d2d37d72e67b4cacb4bb726505f11"

blob@0.0.4:
  version "0.0.4"
  resolved "https://registry.yarnpkg.com/blob/-/blob-0.0.4.tgz#bcf13052ca54463f30f9fc7e95b9a47630a94921"

bn.js@^1.0.0:
  version "1.3.0"
  resolved "https://registry.yarnpkg.com/bn.js/-/bn.js-1.3.0.tgz#0db4cbf96f8f23b742f5bcb9d1aa7a9994a05e83"

brace-expansion@^1.0.0:
  version "1.1.6"
  resolved "https://registry.yarnpkg.com/brace-expansion/-/brace-expansion-1.1.6.tgz#7197d7eaa9b87e648390ea61fc66c84427420df9"
  dependencies:
    balanced-match "^0.4.1"
    concat-map "0.0.1"

braintree-web@^2:
  version "2.30.0"
  resolved "https://registry.yarnpkg.com/braintree-web/-/braintree-web-2.30.0.tgz#b10fdff30b6a8076eaa83e1e00d6cfec5576879f"

buffer-equal-constant-time@1.0.1:
  version "1.0.1"
  resolved "https://registry.yarnpkg.com/buffer-equal-constant-time/-/buffer-equal-constant-time-1.0.1.tgz#f8e71132f7ffe6e01a5c9697a4c6f3e48d5cc819"

bufferutil@1.2.x:
  version "1.2.1"
  resolved "https://registry.yarnpkg.com/bufferutil/-/bufferutil-1.2.1.tgz#37be5d36e1e06492221e68d474b1ac58e510cbd7"
  dependencies:
    bindings "1.2.x"
    nan "^2.0.5"

callsite@1.0.0:
  version "1.0.0"
  resolved "https://registry.yarnpkg.com/callsite/-/callsite-1.0.0.tgz#280398e5d664bd74038b6f0905153e6e8af1bc20"

cipher-base@^1.0.1:
  version "1.0.3"
  resolved "https://registry.yarnpkg.com/cipher-base/-/cipher-base-1.0.3.tgz#eeabf194419ce900da3018c207d212f2a6df0a07"
  dependencies:
    inherits "^2.0.1"

clipboard-js@^0.3.2:
  version "0.3.2"
  resolved "https://registry.yarnpkg.com/clipboard-js/-/clipboard-js-0.3.2.tgz#a51e5d99c35f9ef11c61caea68bda66770b9f28d"

component-bind@1.0.0:
  version "1.0.0"
  resolved "https://registry.yarnpkg.com/component-bind/-/component-bind-1.0.0.tgz#00c608ab7dcd93897c0009651b1d3a8e1e73bbd1"

component-emitter@1.1.2:
  version "1.1.2"
  resolved "https://registry.yarnpkg.com/component-emitter/-/component-emitter-1.1.2.tgz#296594f2753daa63996d2af08d15a95116c9aec3"

component-inherit@0.0.3:
  version "0.0.3"
  resolved "https://registry.yarnpkg.com/component-inherit/-/component-inherit-0.0.3.tgz#645fc4adf58b72b649d5cae65135619db26ff143"

concat-map@0.0.1:
  version "0.0.1"
  resolved "https://registry.yarnpkg.com/concat-map/-/concat-map-0.0.1.tgz#d8a96bd77fd68df7793a73036a3ba0d5405d477b"

core-js@^2.4.0, core-js@^2.4.1:
  version "2.4.1"
  resolved "https://registry.yarnpkg.com/core-js/-/core-js-2.4.1.tgz#4de911e667b0eae9124e34254b53aea6fc618d3e"

create-hash@^1.1.0:
  version "1.1.2"
  resolved "https://registry.yarnpkg.com/create-hash/-/create-hash-1.1.2.tgz#51210062d7bb7479f6c65bb41a92208b1d61abad"
  dependencies:
    cipher-base "^1.0.1"
    inherits "^2.0.1"
    ripemd160 "^1.0.0"
    sha.js "^2.3.6"

create-hmac@^1.1.3:
  version "1.1.4"
  resolved "https://registry.yarnpkg.com/create-hmac/-/create-hmac-1.1.4.tgz#d3fb4ba253eb8b3f56e39ea2fbcb8af747bd3170"
  dependencies:
    create-hash "^1.1.0"
    inherits "^2.0.1"

css@*:
  version "2.2.1"
  resolved "https://registry.yarnpkg.com/css/-/css-2.2.1.tgz#73a4c81de85db664d4ee674f7d47085e3b2d55dc"
  dependencies:
    inherits "^2.0.1"
    source-map "^0.1.38"
    source-map-resolve "^0.3.0"
    urix "^0.1.0"

debug@0.7.4:
  version "0.7.4"
  resolved "https://registry.yarnpkg.com/debug/-/debug-0.7.4.tgz#06e1ea8082c2cb14e39806e22e2f6f757f92af39"

debug@1.0.4:
  version "1.0.4"
  resolved "https://registry.yarnpkg.com/debug/-/debug-1.0.4.tgz#5b9c256bd54b6ec02283176fa8a0ede6d154cbf8"
  dependencies:
    ms "0.6.2"

dom-storage@2.0.2:
  version "2.0.2"
  resolved "https://registry.yarnpkg.com/dom-storage/-/dom-storage-2.0.2.tgz#ed17cbf68abd10e0aef8182713e297c5e4b500b0"

dompurify@^0.8.4:
  version "0.8.4"
  resolved "https://registry.yarnpkg.com/dompurify/-/dompurify-0.8.4.tgz#93cabe8b6b84f3cf83f63b985ff71ef05f8cdeb6"

ecdsa-sig-formatter@1.0.9:
  version "1.0.9"
  resolved "https://registry.yarnpkg.com/ecdsa-sig-formatter/-/ecdsa-sig-formatter-1.0.9.tgz#4bc926274ec3b5abb5016e7e1d60921ac262b2a1"
  dependencies:
    base64url "^2.0.0"
    safe-buffer "^5.0.1"

engine.io-client@1.5.4:
  version "1.5.4"
  resolved "https://registry.yarnpkg.com/engine.io-client/-/engine.io-client-1.5.4.tgz#c6ad65a65752a29cb930c6911e579d2b28d1106c"
  dependencies:
    component-emitter "1.1.2"
    component-inherit "0.0.3"
    debug "1.0.4"
    engine.io-parser "1.2.2"
    has-cors "1.0.3"
    indexof "0.0.1"
    parsejson "0.0.1"
    parseqs "0.0.2"
    parseuri "0.0.4"
    ws "0.8.0"
    xmlhttprequest "https://github.com/rase-/node-XMLHttpRequest/archive/a6b6f2.tar.gz"

engine.io-parser@1.2.2:
  version "1.2.2"
  resolved "https://registry.yarnpkg.com/engine.io-parser/-/engine.io-parser-1.2.2.tgz#cd081041feea39c64323ff79b82a90a72afcccdd"
  dependencies:
    after "0.8.1"
    arraybuffer.slice "0.0.6"
    base64-arraybuffer "0.1.2"
    blob "0.0.4"
    has-binary "0.1.6"
    utf8 "2.1.0"

entities@~1.1.1:
  version "1.1.1"
  resolved "https://registry.yarnpkg.com/entities/-/entities-1.1.1.tgz#6e5c2d0a5621b5dadaecef80b90edfb5cd7772f0"

faye-websocket@0.9.3:
  version "0.9.3"
  resolved "https://registry.yarnpkg.com/faye-websocket/-/faye-websocket-0.9.3.tgz#482a505b0df0ae626b969866d3bd740cdb962e83"
  dependencies:
    websocket-driver ">=0.5.1"

file-saver@^1.3.3:
  version "1.3.3"
  resolved "https://registry.yarnpkg.com/file-saver/-/file-saver-1.3.3.tgz#cdd4c44d3aa264eac2f68ec165bc791c34af1232"

filetransfer@^2.0.4:
  version "2.0.4"
  resolved "https://registry.yarnpkg.com/filetransfer/-/filetransfer-2.0.4.tgz#cc98abbbdd431b29ed7427597940b43bcbca2107"
  dependencies:
    async "^0.9.0"
    iana-hashes "^1.0.0"
    wildemitter "1.x"

firebase@^3.6.5:
  version "3.6.5"
  resolved "https://registry.yarnpkg.com/firebase/-/firebase-3.6.5.tgz#e321da57c9c5b66e436432a3e15f1cf6d3b2f9a9"
  dependencies:
    dom-storage "2.0.2"
    faye-websocket "0.9.3"
    jsonwebtoken "7.1.9"
    rsvp "3.2.1"
    xmlhttprequest "1.8.0"

getscreenmedia@^1.0.0:
  version "1.5.5"
  resolved "https://registry.yarnpkg.com/getscreenmedia/-/getscreenmedia-1.5.5.tgz#9b986b8574f6b337e62594020ce4238cb67472fd"
  dependencies:
    getusermedia "^2.0.0"

getusermedia@^1.0.0:
  version "1.3.7"
  resolved "https://registry.yarnpkg.com/getusermedia/-/getusermedia-1.3.7.tgz#4725734bab7a603b76b5b2626567273cc6da95a0"
  dependencies:
    webrtc-adapter "^1.0.1"

getusermedia@^2.0.0:
  version "2.0.0"
  resolved "https://registry.yarnpkg.com/getusermedia/-/getusermedia-2.0.0.tgz#a4438cb04bdff09eefb34cd87350b73879ea3f24"
  dependencies:
    webrtc-adapter "^1.0.1"

glob@^6.0.1:
  version "6.0.4"
  resolved "https://registry.yarnpkg.com/glob/-/glob-6.0.4.tgz#0f08860f6a155127b2fadd4f9ce24b1aab6e4d22"
  dependencies:
    inflight "^1.0.4"
    inherits "2"
    minimatch "2 || 3"
    once "^1.3.0"
    path-is-absolute "^1.0.0"

"global@https://github.com/component/global/archive/v2.0.1.tar.gz":
  version "2.0.1"
  resolved "https://github.com/component/global/archive/v2.0.1.tar.gz#3fb25343fb66d79991b0f4a429ce3b54480eec3c"

hark@^1.0.0:
  version "1.1.3"
  resolved "https://registry.yarnpkg.com/hark/-/hark-1.1.3.tgz#679cb786c48f2b197768c89d7a3e0d8ac626d558"
  dependencies:
    wildemitter "^1.2.0"

has-binary@0.1.6:
  version "0.1.6"
  resolved "https://registry.yarnpkg.com/has-binary/-/has-binary-0.1.6.tgz#25326f39cfa4f616ad8787894e3af2cfbc7b6e10"
  dependencies:
    isarray "0.0.1"

has-cors@1.0.3:
  version "1.0.3"
  resolved "https://registry.yarnpkg.com/has-cors/-/has-cors-1.0.3.tgz#502acb9b3104dac33dd2630eaf2f888b0baf4cb3"
  dependencies:
    global "https://github.com/component/global/archive/v2.0.1.tar.gz"

hoek@2.x.x:
  version "2.16.3"
  resolved "https://registry.yarnpkg.com/hoek/-/hoek-2.16.3.tgz#20bb7403d3cea398e91dc4710a8ff1b8274a25ed"

iana-hashes@^1.0.0:
  version "1.0.2"
  resolved "https://registry.yarnpkg.com/iana-hashes/-/iana-hashes-1.0.2.tgz#9eb4d8a23cec34862827c779423cd4330dc9947d"
  dependencies:
    create-hash "^1.1.0"
    create-hmac "^1.1.3"

indexof@0.0.1:
  version "0.0.1"
  resolved "https://registry.yarnpkg.com/indexof/-/indexof-0.0.1.tgz#82dc336d232b9062179d05ab3293a66059fd435d"

inflight@^1.0.4:
  version "1.0.6"
  resolved "https://registry.yarnpkg.com/inflight/-/inflight-1.0.6.tgz#49bd6331d7d02d0c09bc910a1075ba8165b56df9"
  dependencies:
    once "^1.3.0"
    wrappy "1"

inherits@2, inherits@^2.0.1:
  version "2.0.3"
  resolved "https://registry.yarnpkg.com/inherits/-/inherits-2.0.3.tgz#633c2c83e3da42a502f52466022480f4208261de"

isarray@0.0.1:
  version "0.0.1"
  resolved "https://registry.yarnpkg.com/isarray/-/isarray-0.0.1.tgz#8a18acfca9a8f4177e09abfc6038939b05d1eedf"

isemail@1.x.x:
  version "1.2.0"
  resolved "https://registry.yarnpkg.com/isemail/-/isemail-1.2.0.tgz#be03df8cc3e29de4d2c5df6501263f1fa4595e9a"

joi@^6.10.1:
  version "6.10.1"
  resolved "https://registry.yarnpkg.com/joi/-/joi-6.10.1.tgz#4d50c318079122000fe5f16af1ff8e1917b77e06"
  dependencies:
    hoek "2.x.x"
    isemail "1.x.x"
    moment "2.x.x"
    topo "1.x.x"

"jquery.appear@https://github.com/morr/jquery.appear":
  version "0.3.5"
  resolved "https://github.com/morr/jquery.appear#ed16dfe3e36059ffa86f87183ab08a2d9ad0f034"
  dependencies:
    jquery ">=1.5"

jquery@>=1.5, jquery@>=1.6, jquery@^3.1.1:
  version "3.1.1"
  resolved "https://registry.yarnpkg.com/jquery/-/jquery-3.1.1.tgz#347c1c21c7e004115e0a4da32cece041fad3c8a3"

json3@3.2.6:
  version "3.2.6"
  resolved "https://registry.yarnpkg.com/json3/-/json3-3.2.6.tgz#f6efc93c06a04de9aec53053df2559bb19e2038b"

jsonwebtoken@7.1.9:
  version "7.1.9"
  resolved "https://registry.yarnpkg.com/jsonwebtoken/-/jsonwebtoken-7.1.9.tgz#847804e5258bec5a9499a8dc4a5e7a3bae08d58a"
  dependencies:
    joi "^6.10.1"
    jws "^3.1.3"
    lodash.once "^4.0.0"
    ms "^0.7.1"
    xtend "^4.0.1"

jwa@^1.1.4:
  version "1.1.5"
  resolved "https://registry.yarnpkg.com/jwa/-/jwa-1.1.5.tgz#a0552ce0220742cd52e153774a32905c30e756e5"
  dependencies:
    base64url "2.0.0"
    buffer-equal-constant-time "1.0.1"
    ecdsa-sig-formatter "1.0.9"
    safe-buffer "^5.0.1"

jws@^3.1.3:
  version "3.1.4"
  resolved "https://registry.yarnpkg.com/jws/-/jws-3.1.4.tgz#f9e8b9338e8a847277d6444b1464f61880e050a2"
  dependencies:
    base64url "^2.0.0"
    jwa "^1.1.4"
    safe-buffer "^5.0.1"

konami-code.js@^1.4.7:
  version "1.4.7"
  resolved "https://registry.yarnpkg.com/konami-code.js/-/konami-code.js-1.4.7.tgz#60a7d147d7742dcfb1c122137e3696fd07650f20"

linkify-it@^2.0.0:
  version "2.0.3"
  resolved "https://registry.yarnpkg.com/linkify-it/-/linkify-it-2.0.3.tgz#d94a4648f9b1c179d64fa97291268bdb6ce9434f"
  dependencies:
    uc.micro "^1.0.1"

localmedia@^2.2.0:
  version "2.2.0"
  resolved "https://registry.yarnpkg.com/localmedia/-/localmedia-2.2.0.tgz#4ed0858c72e307f15c197699e7e0d4508cb4dc1a"
  dependencies:
    getscreenmedia "^1.0.0"
    getusermedia "^1.0.0"
    hark "^1.0.0"
    mediastream-gain "^1.0.0"
    mockconsole "0.0.x"
    webrtcsupport "^2.2.0"
    wildemitter "^1.0.0"

lodash.clonedeep@^4.3.2:
  version "4.5.0"
  resolved "https://registry.yarnpkg.com/lodash.clonedeep/-/lodash.clonedeep-4.5.0.tgz#e23f3f9c4f8fbdde872529c1071857a086e5ccef"

lodash.once@^4.0.0:
  version "4.1.1"
  resolved "https://registry.yarnpkg.com/lodash.once/-/lodash.once-4.1.1.tgz#0dd3971213c7c56df880977d504c88fb471a97ac"

magnific-popup@^1.1.0:
  version "1.1.0"
  resolved "https://registry.yarnpkg.com/magnific-popup/-/magnific-popup-1.1.0.tgz#3e7362c5bd18f6785fe99e59d013e20af33d3049"

markdown-it-emoji@^1.3.0:
  version "1.3.0"
  resolved "https://registry.yarnpkg.com/markdown-it-emoji/-/markdown-it-emoji-1.3.0.tgz#903ae1a9968c3f17d4e142f115d4ec575e56d2cb"

markdown-it-sup@^1.0.0:
  version "1.0.0"
  resolved "https://registry.yarnpkg.com/markdown-it-sup/-/markdown-it-sup-1.0.0.tgz#cb9c9ff91a5255ac08f3fd3d63286e15df0a1fc3"

markdown-it@^8.2.2:
  version "8.2.2"
  resolved "https://registry.yarnpkg.com/markdown-it/-/markdown-it-8.2.2.tgz#e39593d976f9c4b7ee7f338a3a1e9e10c3db4e36"
  dependencies:
    argparse "^1.0.7"
    entities "~1.1.1"
    linkify-it "^2.0.0"
    mdurl "^1.0.1"
    uc.micro "^1.0.3"

mceliece@^1.0.6:
  version "1.0.6"
  resolved "https://registry.yarnpkg.com/mceliece/-/mceliece-1.0.6.tgz#da66f1c3eedd5816a61ab1a422b3c2fa441914eb"

mdurl@^1.0.1:
  version "1.0.1"
  resolved "https://registry.yarnpkg.com/mdurl/-/mdurl-1.0.1.tgz#fe85b2ec75a59037f2adfec100fd6c601761152e"

mediastream-gain@^1.0.0:
  version "1.0.1"
  resolved "https://registry.yarnpkg.com/mediastream-gain/-/mediastream-gain-1.0.1.tgz#4abad578bdaebe25cb655898931d8815ee6e6360"
  dependencies:
    webrtcsupport "^1.0.0"

microlight-string@^1.0.1:
  version "1.0.1"
  resolved "https://registry.yarnpkg.com/microlight-string/-/microlight-string-1.0.1.tgz#f4b5c88b8f26807ebe41062892d1d909336461ff"

minimalistic-assert@^1.0.0:
  version "1.0.0"
  resolved "https://registry.yarnpkg.com/minimalistic-assert/-/minimalistic-assert-1.0.0.tgz#702be2dda6b37f4836bcb3f5db56641b64a1d3d3"

"minimatch@2 || 3":
  version "3.0.3"
  resolved "https://registry.yarnpkg.com/minimatch/-/minimatch-3.0.3.tgz#2a4e4090b96b2db06a9d7df01055a62a77c9b774"
  dependencies:
    brace-expansion "^1.0.0"

minimist@0.0.8:
  version "0.0.8"
  resolved "https://registry.yarnpkg.com/minimist/-/minimist-0.0.8.tgz#857fcabfc3397d2625b8228262e86aa7a011b05d"

mkdirp@^0.5.1:
  version "0.5.1"
  resolved "https://registry.yarnpkg.com/mkdirp/-/mkdirp-0.5.1.tgz#30057438eac6cf7f8c4767f38648d6697d75c903"
  dependencies:
    minimist "0.0.8"

mockconsole@0.0.1, mockconsole@0.0.x:
  version "0.0.1"
  resolved "https://registry.yarnpkg.com/mockconsole/-/mockconsole-0.0.1.tgz#d62a7ed85530964abcd24edb9f30fa58bbce56c6"

moment@2.x.x:
  version "2.17.1"
  resolved "https://registry.yarnpkg.com/moment/-/moment-2.17.1.tgz#fed9506063f36b10f066c8b59a144d7faebe1d82"

ms@0.6.2:
  version "0.6.2"
  resolved "https://registry.yarnpkg.com/ms/-/ms-0.6.2.tgz#d89c2124c6fdc1353d65a8b77bf1aac4b193708c"

ms@^0.7.1:
  version "0.7.2"
  resolved "https://registry.yarnpkg.com/ms/-/ms-0.7.2.tgz#ae25cf2512b3885a1d95d7f037868d8431124765"

nan@^2.0.5, nan@~2.4.0:
  version "2.4.0"
  resolved "https://registry.yarnpkg.com/nan/-/nan-2.4.0.tgz#fb3c59d45fe4effe215f0b890f8adf6eb32d2232"

nan@~2.3.3:
  version "2.3.5"
  resolved "https://registry.yarnpkg.com/nan/-/nan-2.3.5.tgz#822a0dc266290ce4cd3a12282ca3e7e364668a08"

nanoscroller@^0.8.7:
  version "0.8.7"
  resolved "https://registry.yarnpkg.com/nanoscroller/-/nanoscroller-0.8.7.tgz#8295d0e993bbd54c44306b0ebb300a843f73bf92"
  dependencies:
    css "*"
    jquery ">=1.6"

nativescript-angular@^1.3.0:
  version "1.3.0"
  resolved "https://registry.yarnpkg.com/nativescript-angular/-/nativescript-angular-1.3.0.tgz#b6e6b427adbde339b7c6340180effba1ac8aaefb"
  dependencies:
    "@angular/common" "~2.3.1"
    "@angular/compiler" "~2.3.1"
    "@angular/core" "~2.3.1"
    "@angular/forms" "~2.3.1"
    "@angular/http" "~2.3.1"
    "@angular/platform-browser" "~2.3.1"
    "@angular/platform-browser-dynamic" "~2.3.1"
    "@angular/router" "~3.3.1"
    nativescript-intl "~0.0.8"
    parse5 "1.3.2"
    punycode "1.3.2"
    querystring "0.2.0"
    reflect-metadata "~0.1.8"
    rxjs "5.0.0-rc.4"
    url "0.10.3"

nativescript-dev-android-snapshot@^0.0.5:
  version "0.0.5"
  resolved "https://registry.yarnpkg.com/nativescript-dev-android-snapshot/-/nativescript-dev-android-snapshot-0.0.5.tgz#99ed76599da05f6a718bb93ffbe464f4d58e45f4"
  dependencies:
    adm-zip "^0.4.7"
    nativescript-hook "^0.2.1"
    semver "^5.1.0"
    shelljs "^0.6.0"

nativescript-dev-typescript@^0.3.5:
  version "0.3.5"
  resolved "https://registry.yarnpkg.com/nativescript-dev-typescript/-/nativescript-dev-typescript-0.3.5.tgz#cb531c39a8007624e092b1585d18da9f52c2b6e6"
  dependencies:
    nativescript-hook "^0.2.0"

nativescript-hook@^0.2.0, nativescript-hook@^0.2.1:
  version "0.2.1"
  resolved "https://registry.yarnpkg.com/nativescript-hook/-/nativescript-hook-0.2.1.tgz#786225056db20fa49e786451dccd64b52e3864d9"
  dependencies:
    glob "^6.0.1"
    mkdirp "^0.5.1"

nativescript-intl@~0.0.8:
  version "0.0.10"
  resolved "https://registry.yarnpkg.com/nativescript-intl/-/nativescript-intl-0.0.10.tgz#2a310f07f627344f75db547177db18298d430b0e"

nativescript-theme-core@^1.0.2:
  version "1.0.2"
  resolved "https://registry.yarnpkg.com/nativescript-theme-core/-/nativescript-theme-core-1.0.2.tgz#712e80b702316abaa4e7d738825573f9e6bae658"

ntru@^1.0.2:
  version "1.0.2"
  resolved "https://registry.yarnpkg.com/ntru/-/ntru-1.0.2.tgz#450d9b98bb0f6486f3fcd012bd2d3251789c2e9f"

object-component@0.0.3:
  version "0.0.3"
  resolved "https://registry.yarnpkg.com/object-component/-/object-component-0.0.3.tgz#f0c69aa50efc95b866c186f400a33769cb2f1291"

once@^1.3.0:
  version "1.4.0"
  resolved "https://registry.yarnpkg.com/once/-/once-1.4.0.tgz#583b1aa775961d4b113ac17d9c50baef9dd76bd1"
  dependencies:
    wrappy "1"

options@>=0.0.5:
  version "0.0.6"
  resolved "https://registry.yarnpkg.com/options/-/options-0.0.6.tgz#ec22d312806bb53e731773e7cdaefcf1c643128f"

parse5@1.3.2:
  version "1.3.2"
  resolved "https://registry.yarnpkg.com/parse5/-/parse5-1.3.2.tgz#d9c9fca0aa7ee7be0f9690426dd4f9d1852af8ee"

parsejson@0.0.1:
  version "0.0.1"
  resolved "https://registry.yarnpkg.com/parsejson/-/parsejson-0.0.1.tgz#9b10c6c0d825ab589e685153826de0a3ba278bcc"
  dependencies:
    better-assert "~1.0.0"

parseqs@0.0.2:
  version "0.0.2"
  resolved "https://registry.yarnpkg.com/parseqs/-/parseqs-0.0.2.tgz#9dfe70b2cddac388bde4f35b1f240fa58adbe6c7"
  dependencies:
    better-assert "~1.0.0"

parseuri@0.0.2:
  version "0.0.2"
  resolved "https://registry.yarnpkg.com/parseuri/-/parseuri-0.0.2.tgz#db41878f2d6964718be870b3140973d8093be156"
  dependencies:
    better-assert "~1.0.0"

parseuri@0.0.4:
  version "0.0.4"
  resolved "https://registry.yarnpkg.com/parseuri/-/parseuri-0.0.4.tgz#806582a39887e1ea18dd5e2fe0e01902268e9350"
  dependencies:
    better-assert "~1.0.0"

path-is-absolute@^1.0.0:
  version "1.0.1"
  resolved "https://registry.yarnpkg.com/path-is-absolute/-/path-is-absolute-1.0.1.tgz#174b9268735534ffbc7ace6bf53a5a9e1b5c5f5f"

pem-jwk@*:
  version "1.5.1"
  resolved "https://registry.yarnpkg.com/pem-jwk/-/pem-jwk-1.5.1.tgz#7a8637fd2f67a827e57c0c42e1c23c3fd52cfb01"
  dependencies:
    asn1.js "1.0.3"

punycode@1.3.2:
  version "1.3.2"
  resolved "https://registry.yarnpkg.com/punycode/-/punycode-1.3.2.tgz#9653a036fb7c1ee42342f2325cceefea3926c48d"

querystring@0.2.0:
  version "0.2.0"
  resolved "https://registry.yarnpkg.com/querystring/-/querystring-0.2.0.tgz#b209849203bb25df820da756e747005878521620"

reflect-metadata@^0.1.9, reflect-metadata@~0.1.8:
  version "0.1.9"
  resolved "https://registry.yarnpkg.com/reflect-metadata/-/reflect-metadata-0.1.9.tgz#987238dc87a516895fe457f130435ffbd763a4d4"

regenerator-runtime@^0.10.0:
  version "0.10.1"
  resolved "https://registry.yarnpkg.com/regenerator-runtime/-/regenerator-runtime-0.10.1.tgz#257f41961ce44558b18f7814af48c17559f9faeb"

resolve-url@~0.2.1:
  version "0.2.1"
  resolved "https://registry.yarnpkg.com/resolve-url/-/resolve-url-0.2.1.tgz#2c637fe77c893afd2a663fe21aa9080068e2052a"

ripemd160@^1.0.0:
  version "1.0.1"
  resolved "https://registry.yarnpkg.com/ripemd160/-/ripemd160-1.0.1.tgz#93a4bbd4942bc574b69a8fa57c71de10ecca7d6e"

rlwe@^1.0.2:
  version "1.0.2"
  resolved "https://registry.yarnpkg.com/rlwe/-/rlwe-1.0.2.tgz#7ab5df5ec4f8eb0e194e386ff13981e5865a3648"

rsa-keygen@*:
  version "1.0.6"
  resolved "https://registry.yarnpkg.com/rsa-keygen/-/rsa-keygen-1.0.6.tgz#3da3bf8147c96247cf695681b0bda17a6efa4086"
  dependencies:
    nan "~2.3.3"

rsvp@3.2.1:
  version "3.2.1"
  resolved "https://registry.yarnpkg.com/rsvp/-/rsvp-3.2.1.tgz#07cb4a5df25add9e826ebc67dcc9fd89db27d84a"

rtcpeerconnection@^5.1.1:
  version "5.2.1"
  resolved "https://registry.yarnpkg.com/rtcpeerconnection/-/rtcpeerconnection-5.2.1.tgz#54655a82e05dcd8e32fbd45026ccedaed68dec64"
  dependencies:
    lodash.clonedeep "^4.3.2"
    sdp-jingle-json "^3.0.0"
    traceablepeerconnection "^1.1.6"
    webrtc-adapter "^2.0.2"
    wildemitter "1.x"

rxjs@5.0.0-rc.4:
  version "5.0.0-rc.4"
  resolved "https://registry.yarnpkg.com/rxjs/-/rxjs-5.0.0-rc.4.tgz#a4d08bc5d7f30d48ed7130e2995490c326a325c4"
  dependencies:
    symbol-observable "^1.0.1"

rxjs@^5.0.3:
  version "5.0.3"
  resolved "https://registry.yarnpkg.com/rxjs/-/rxjs-5.0.3.tgz#fc8bdf464ebf938812748e4196788f392fef9754"
  dependencies:
    symbol-observable "^1.0.1"

safe-buffer@^5.0.1:
  version "5.0.1"
  resolved "https://registry.yarnpkg.com/safe-buffer/-/safe-buffer-5.0.1.tgz#d263ca54696cd8a306b5ca6551e92de57918fbe7"

sdp-jingle-json@^3.0.0:
  version "3.0.0"
  resolved "https://registry.yarnpkg.com/sdp-jingle-json/-/sdp-jingle-json-3.0.0.tgz#94e19b7e9a2a74128e0f2fdf0b19ad9dad40bd06"

sdp@^1.0.0:
  version "1.0.2"
  resolved "https://registry.yarnpkg.com/sdp/-/sdp-1.0.2.tgz#2586c8889fedbcd8448c95754c1e34fb12f97ffe"

semver@^5.1.0:
  version "5.3.0"
  resolved "https://registry.yarnpkg.com/semver/-/semver-5.3.0.tgz#9b2ce5d3de02d17c6012ad326aa6b4d0cf54f94f"

sha.js@^2.3.6:
  version "2.4.8"
  resolved "https://registry.yarnpkg.com/sha.js/-/sha.js-2.4.8.tgz#37068c2c476b6baf402d14a49c67f597921f634f"
  dependencies:
    inherits "^2.0.1"

shelljs@^0.6.0:
  version "0.6.1"
  resolved "https://registry.yarnpkg.com/shelljs/-/shelljs-0.6.1.tgz#ec6211bed1920442088fe0f70b2837232ed2c8a8"

sidh@^1.0.1:
  version "1.0.1"
  resolved "https://registry.yarnpkg.com/sidh/-/sidh-1.0.1.tgz#084834322e5f170572a1d150382795514e8f7ab6"

simplewebrtc@^2.2.2:
  version "2.2.2"
  resolved "https://registry.yarnpkg.com/simplewebrtc/-/simplewebrtc-2.2.2.tgz#f826f1456c43fa0e672631dfb9d707fb622fdfa0"
  dependencies:
    attachmediastream "^1.4.1"
    filetransfer "^2.0.4"
    localmedia "^2.2.0"
    mockconsole "0.0.1"
    rtcpeerconnection "^5.1.1"
    socket.io-client "1.3.7"
    webrtcsupport "^2.2.0"
    wildemitter "1.x"

socket.io-client@1.3.7:
  version "1.3.7"
  resolved "https://registry.yarnpkg.com/socket.io-client/-/socket.io-client-1.3.7.tgz#7ab7c069b8d50425eb265f031f84a97e6ebe719c"
  dependencies:
    backo2 "1.0.2"
    component-bind "1.0.0"
    component-emitter "1.1.2"
    debug "0.7.4"
    engine.io-client "1.5.4"
    has-binary "0.1.6"
    indexof "0.0.1"
    object-component "0.0.3"
    parseuri "0.0.2"
    socket.io-parser "2.2.4"
    to-array "0.1.3"

socket.io-parser@2.2.4:
  version "2.2.4"
  resolved "https://registry.yarnpkg.com/socket.io-parser/-/socket.io-parser-2.2.4.tgz#f9ce19bf1909608ceb15d97721e23bfdd1e7cf65"
  dependencies:
    benchmark "1.0.0"
    component-emitter "1.1.2"
    debug "0.7.4"
    isarray "0.0.1"
    json3 "3.2.6"

sodiumutil@^1.0.0:
  version "1.0.0"
  resolved "https://registry.yarnpkg.com/sodiumutil/-/sodiumutil-1.0.0.tgz#16092ac7437f814ee5e202fb816779ad27bbacd7"

source-map-resolve@^0.3.0:
  version "0.3.1"
  resolved "https://registry.yarnpkg.com/source-map-resolve/-/source-map-resolve-0.3.1.tgz#610f6122a445b8dd51535a2a71b783dfc1248761"
  dependencies:
    atob "~1.1.0"
    resolve-url "~0.2.1"
    source-map-url "~0.3.0"
    urix "~0.1.0"

source-map-url@~0.3.0:
  version "0.3.0"
  resolved "https://registry.yarnpkg.com/source-map-url/-/source-map-url-0.3.0.tgz#7ecaf13b57bcd09da8a40c5d269db33799d4aaf9"

source-map@^0.1.38:
  version "0.1.43"
  resolved "https://registry.yarnpkg.com/source-map/-/source-map-0.1.43.tgz#c24bc146ca517c1471f5dacbe2571b2b7f9e3346"
  dependencies:
    amdefine ">=0.0.4"

sphincs@^1.0.2:
  version "1.0.2"
  resolved "https://registry.yarnpkg.com/sphincs/-/sphincs-1.0.2.tgz#b291885798a2bba597dbab71d70f00e40237a508"

sprintf-js@~1.0.2:
  version "1.0.3"
  resolved "https://registry.yarnpkg.com/sprintf-js/-/sprintf-js-1.0.3.tgz#04e6926f662895354f3dd015203633b857297e2c"

supersphincs@^1.2.5:
  version "1.2.5"
  resolved "https://registry.yarnpkg.com/supersphincs/-/supersphincs-1.2.5.tgz#09bac3f20bc47891fd94736f910e37f594d61824"
  dependencies:
    pem-jwk "*"
    rsa-keygen "*"

symbol-observable@^1.0.1:
  version "1.0.4"
  resolved "https://registry.yarnpkg.com/symbol-observable/-/symbol-observable-1.0.4.tgz#29bf615d4aa7121bdd898b22d4b3f9bc4e2aa03d"

tab-indent@^1.0.2:
  version "1.0.2"
  resolved "https://registry.yarnpkg.com/tab-indent/-/tab-indent-1.0.2.tgz#83c410e810f4dafc16c6f7a11acfa12b64013047"

tns-android@^2.4.1:
  version "2.4.1"
  resolved "https://registry.yarnpkg.com/tns-android/-/tns-android-2.4.1.tgz#7e96093ac553a6e22a1ae307a92de7fc097e7887"

tns-core-modules-widgets@2.4.0, tns-core-modules-widgets@^2.4.0:
  version "2.4.0"
  resolved "https://registry.yarnpkg.com/tns-core-modules-widgets/-/tns-core-modules-widgets-2.4.0.tgz#95de9f147268e806d6cf6bc8761ca235dd194f73"

tns-core-modules@^2.4.4:
  version "2.4.4"
  resolved "https://registry.yarnpkg.com/tns-core-modules/-/tns-core-modules-2.4.4.tgz#0a748ad373c3bd379a7a099fcbbc637aaa210644"
  dependencies:
    tns-core-modules-widgets "2.4.0"

tns-ios@^2.4.0:
  version "2.4.0"
  resolved "https://registry.yarnpkg.com/tns-ios/-/tns-ios-2.4.0.tgz#58719bf5b921f10fc2986a94117a678d3ec4a978"

to-array@0.1.3:
  version "0.1.3"
  resolved "https://registry.yarnpkg.com/to-array/-/to-array-0.1.3.tgz#d45dadc6363417f60f28474fea50ecddbb4f4991"

topo@1.x.x:
  version "1.1.0"
  resolved "https://registry.yarnpkg.com/topo/-/topo-1.1.0.tgz#e9d751615d1bb87dc865db182fa1ca0a5ef536d5"
  dependencies:
    hoek "2.x.x"

traceablepeerconnection@^1.1.6:
  version "1.2.0"
  resolved "https://registry.yarnpkg.com/traceablepeerconnection/-/traceablepeerconnection-1.2.0.tgz#c1268accea8b7d9e5cd7519788c8efcfc3daef2b"
  dependencies:
    webrtc-adapter "^1.0"
    wildemitter "1.x"

typescript@2.0.10:
  version "2.0.10"
  resolved "https://registry.yarnpkg.com/typescript/-/typescript-2.0.10.tgz#ccdd4ed86fd5550a407101a0814012e1b3fac3dd"

uc.micro@^1.0.1, uc.micro@^1.0.3:
  version "1.0.3"
  resolved "https://registry.yarnpkg.com/uc.micro/-/uc.micro-1.0.3.tgz#7ed50d5e0f9a9fb0a573379259f2a77458d50192"

ultron@1.0.x:
  version "1.0.2"
  resolved "https://registry.yarnpkg.com/ultron/-/ultron-1.0.2.tgz#ace116ab557cd197386a4e88f4685378c8b2e4fa"

unsemantic@^1.1.3:
  version "1.1.3"
  resolved "https://registry.yarnpkg.com/unsemantic/-/unsemantic-1.1.3.tgz#926887138d82071d1482236e9c23699716ca23c0"

urix@^0.1.0, urix@~0.1.0:
  version "0.1.0"
  resolved "https://registry.yarnpkg.com/urix/-/urix-0.1.0.tgz#da937f7a62e21fec1fd18d49b35c2935067a6c72"

url@0.10.3:
  version "0.10.3"
  resolved "https://registry.yarnpkg.com/url/-/url-0.10.3.tgz#021e4d9c7705f21bbf37d03ceb58767402774c64"
  dependencies:
    punycode "1.3.2"
    querystring "0.2.0"

utf-8-validate@1.2.x:
  version "1.2.2"
  resolved "https://registry.yarnpkg.com/utf-8-validate/-/utf-8-validate-1.2.2.tgz#8bb871a4741e085c70487ca7acdbd7d6d36029eb"
  dependencies:
    bindings "~1.2.1"
    nan "~2.4.0"

utf8@2.1.0:
  version "2.1.0"
  resolved "https://registry.yarnpkg.com/utf8/-/utf8-2.1.0.tgz#0cfec5c8052d44a23e3aaa908104e8075f95dfd5"

webrtc-adapter@^1.0, webrtc-adapter@^1.0.1:
  version "1.4.0"
  resolved "https://registry.yarnpkg.com/webrtc-adapter/-/webrtc-adapter-1.4.0.tgz#58289a63d054c65b36fb0ef389ea2f6d0c7f5d98"
  dependencies:
    sdp "^1.0.0"

webrtc-adapter@^2.0.0, webrtc-adapter@^2.0.2, webrtc-adapter@^2.1.0:
  version "2.1.0"
  resolved "https://registry.yarnpkg.com/webrtc-adapter/-/webrtc-adapter-2.1.0.tgz#612b5bc6ce8e73c9d0660038a21f9255a867bf3e"
  dependencies:
    sdp "^1.0.0"

webrtcsupport@^1.0.0:
  version "1.3.2"
  resolved "https://registry.yarnpkg.com/webrtcsupport/-/webrtcsupport-1.3.2.tgz#4e1777471aada48f5f4a8e899e975d7b81d28f00"

webrtcsupport@^2.2.0:
  version "2.2.0"
  resolved "https://registry.yarnpkg.com/webrtcsupport/-/webrtcsupport-2.2.0.tgz#32d8c9608725ada352af0ab6abf21acab5182aa6"

websocket-driver@>=0.5.1:
  version "0.6.5"
  resolved "https://registry.yarnpkg.com/websocket-driver/-/websocket-driver-0.6.5.tgz#5cb2556ceb85f4373c6d8238aa691c8454e13a36"
  dependencies:
    websocket-extensions ">=0.1.1"

websocket-extensions@>=0.1.1:
  version "0.1.1"
  resolved "https://registry.yarnpkg.com/websocket-extensions/-/websocket-extensions-0.1.1.tgz#76899499c184b6ef754377c2dbb0cd6cb55d29e7"

whatwg-fetch@^2.0.1:
  version "2.0.1"
  resolved "https://registry.yarnpkg.com/whatwg-fetch/-/whatwg-fetch-2.0.1.tgz#078b9461bbe91cea73cbce8bb122a05f9e92b772"

wildemitter@1.x, wildemitter@^1.0.0, wildemitter@^1.2.0:
  version "1.2.0"
  resolved "https://registry.yarnpkg.com/wildemitter/-/wildemitter-1.2.0.tgz#29dd3a72d699c3e279dd021c3cd2150b82c9a211"

wowjs@^1.1.3:
  version "1.1.3"
  resolved "https://registry.yarnpkg.com/wowjs/-/wowjs-1.1.3.tgz#440fc1bb4c7e896840ee47972296a2b59075acbd"
  dependencies:
    animate.css latest

wrappy@1:
  version "1.0.2"
  resolved "https://registry.yarnpkg.com/wrappy/-/wrappy-1.0.2.tgz#b5243d8f3ec1aa35f1364605bc0d1036e30ab69f"

ws@0.8.0:
  version "0.8.0"
  resolved "https://registry.yarnpkg.com/ws/-/ws-0.8.0.tgz#ac60ebad312121d01e16cc3383d7ec67ad0f0f1f"
  dependencies:
    options ">=0.0.5"
    ultron "1.0.x"
  optionalDependencies:
    bufferutil "1.2.x"
    utf-8-validate "1.2.x"

xmlhttprequest@1.8.0:
  version "1.8.0"
  resolved "https://registry.yarnpkg.com/xmlhttprequest/-/xmlhttprequest-1.8.0.tgz#67fe075c5c24fef39f9d65f5f7b7fe75171968fc"

"xmlhttprequest@https://github.com/rase-/node-XMLHttpRequest/archive/a6b6f2.tar.gz":
  version "1.5.0"
  resolved "https://github.com/rase-/node-XMLHttpRequest/archive/a6b6f2.tar.gz#20cafa5caa55f6db6bfaee849d1eb60ee43a5fca"

xtend@^4.0.1:
  version "4.0.1"
  resolved "https://registry.yarnpkg.com/xtend/-/xtend-4.0.1.tgz#a5c6d532be656e23db820efb943a1f04998d63af"

zone.js@^0.7.4:
  version "0.7.4"
  resolved "https://registry.yarnpkg.com/zone.js/-/zone.js-0.7.4.tgz#0e624fe5b724450ee433495deff15c02b3908ee0"
